
Microsoft Visual Studio Solution File, Format Version 12.00
# Visual Studio 14
VisualStudioVersion = 14.0.25420.1
MinimumVisualStudioVersion = 10.0.40219.1
Project("{8BC9CEB8-8B4A-11D0-8D11-00A0C91BC942}") = "filter", "filter\filter.vcxproj", "{C359A7DD-AB11-4C59-8F1E-5AC9B6E8C9F8}"
EndProject
Project("{8BC9CEB8-8B4A-11D0-8D11-00A0C91BC942}") = "correspondence_group", "correspondence_group\correspondence_group.vcxproj", "{529F7D1B-029E-4E47-AEDE-8062CFCD61AE}"
EndProject
Project("{8BC9CEB8-8B4A-11D0-8D11-00A0C91BC942}") = "feature", "feature\feature.vcxproj", "{62018D42-E23A-41EE-A5E5-AA2CCE6D54D9}"
EndProject
Project("{8BC9CEB8-8B4A-11D0-8D11-00A0C91BC942}") = "keypoint", "keypoint\keypoint.vcxproj", "{034C22B8-2F79-4253-A486-CDDE943BC9FA}"
EndProject
Project("{8BC9CEB8-8B4A-11D0-8D11-00A0C91BC942}") = "segment", "segment\segment.vcxproj", "{A2189A70-09E1-45A4-A60A-56499F21914F}"
EndProject
Project("{8BC9CEB8-8B4A-11D0-8D11-00A0C91BC942}") = "recognition", "recognition\recognition.vcxproj", "{5A6EC035-3C8B-40C3-AF06-F01EE6102B0B}"
EndProject
Project("{8BC9CEB8-8B4A-11D0-8D11-00A0C91BC942}") = "registration", "registration\registration.vcxproj", "{A6E91E5B-24CB-4D50-84F7-CE05AF3E479D}"
EndProject
Project("{8BC9CEB8-8B4A-11D0-8D11-00A0C91BC942}") = "tool", "tool\tool.vcxproj", "{F83500BA-AA8D-412E-B048-1E33AFC83960}"
EndProject
Project("{8BC9CEB8-8B4A-11D0-8D11-00A0C91BC942}") = "visualization", "visualization\visualization.vcxproj", "{295F7ADC-0DA7-4EFF-82EC-653DFE6FF03E}"
EndProject
Global
	GlobalSection(SolutionConfigurationPlatforms) = preSolution
		Debug|x64 = Debug|x64
		Debug|x86 = Debug|x86
		Release|x64 = Release|x64
		Release|x86 = Release|x86
	EndGlobalSection
	GlobalSection(ProjectConfigurationPlatforms) = postSolution
		{C359A7DD-AB11-4C59-8F1E-5AC9B6E8C9F8}.Debug|x64.ActiveCfg = Debug|x64
		{C359A7DD-AB11-4C59-8F1E-5AC9B6E8C9F8}.Debug|x64.Build.0 = Debug|x64
		{C359A7DD-AB11-4C59-8F1E-5AC9B6E8C9F8}.Debug|x86.ActiveCfg = Debug|Win32
		{C359A7DD-AB11-4C59-8F1E-5AC9B6E8C9F8}.Debug|x86.Build.0 = Debug|Win32
		{C359A7DD-AB11-4C59-8F1E-5AC9B6E8C9F8}.Release|x64.ActiveCfg = Release|x64
		{C359A7DD-AB11-4C59-8F1E-5AC9B6E8C9F8}.Release|x64.Build.0 = Release|x64
		{C359A7DD-AB11-4C59-8F1E-5AC9B6E8C9F8}.Release|x86.ActiveCfg = Release|Win32
		{C359A7DD-AB11-4C59-8F1E-5AC9B6E8C9F8}.Release|x86.Build.0 = Release|Win32
		{529F7D1B-029E-4E47-AEDE-8062CFCD61AE}.Debug|x64.ActiveCfg = Debug|x64
		{529F7D1B-029E-4E47-AEDE-8062CFCD61AE}.Debug|x64.Build.0 = Debug|x64
		{529F7D1B-029E-4E47-AEDE-8062CFCD61AE}.Debug|x86.ActiveCfg = Debug|Win32
		{529F7D1B-029E-4E47-AEDE-8062CFCD61AE}.Debug|x86.Build.0 = Debug|Win32
		{529F7D1B-029E-4E47-AEDE-8062CFCD61AE}.Release|x64.ActiveCfg = Release|x64
		{529F7D1B-029E-4E47-AEDE-8062CFCD61AE}.Release|x64.Build.0 = Release|x64
		{529F7D1B-029E-4E47-AEDE-8062CFCD61AE}.Release|x86.ActiveCfg = Release|Win32
		{529F7D1B-029E-4E47-AEDE-8062CFCD61AE}.Release|x86.Build.0 = Release|Win32
		{62018D42-E23A-41EE-A5E5-AA2CCE6D54D9}.Debug|x64.ActiveCfg = Debug|x64
		{62018D42-E23A-41EE-A5E5-AA2CCE6D54D9}.Debug|x64.Build.0 = Debug|x64
		{62018D42-E23A-41EE-A5E5-AA2CCE6D54D9}.Debug|x86.ActiveCfg = Debug|Win32
		{62018D42-E23A-41EE-A5E5-AA2CCE6D54D9}.Debug|x86.Build.0 = Debug|Win32
		{62018D42-E23A-41EE-A5E5-AA2CCE6D54D9}.Release|x64.ActiveCfg = Release|x64
		{62018D42-E23A-41EE-A5E5-AA2CCE6D54D9}.Release|x64.Build.0 = Release|x64
		{62018D42-E23A-41EE-A5E5-AA2CCE6D54D9}.Release|x86.ActiveCfg = Release|Win32
		{62018D42-E23A-41EE-A5E5-AA2CCE6D54D9}.Release|x86.Build.0 = Release|Win32
		{034C22B8-2F79-4253-A486-CDDE943BC9FA}.Debug|x64.ActiveCfg = Debug|x64
		{034C22B8-2F79-4253-A486-CDDE943BC9FA}.Debug|x64.Build.0 = Debug|x64
		{034C22B8-2F79-4253-A486-CDDE943BC9FA}.Debug|x86.ActiveCfg = Debug|Win32
		{034C22B8-2F79-4253-A486-CDDE943BC9FA}.Debug|x86.Build.0 = Debug|Win32
		{034C22B8-2F79-4253-A486-CDDE943BC9FA}.Release|x64.ActiveCfg = Release|x64
		{034C22B8-2F79-4253-A486-CDDE943BC9FA}.Release|x64.Build.0 = Release|x64
		{034C22B8-2F79-4253-A486-CDDE943BC9FA}.Release|x86.ActiveCfg = Release|Win32
		{034C22B8-2F79-4253-A486-CDDE943BC9FA}.Release|x86.Build.0 = Release|Win32
		{A2189A70-09E1-45A4-A60A-56499F21914F}.Debug|x64.ActiveCfg = Debug|x64
		{A2189A70-09E1-45A4-A60A-56499F21914F}.Debug|x64.Build.0 = Debug|x64
		{A2189A70-09E1-45A4-A60A-56499F21914F}.Debug|x86.ActiveCfg = Debug|Win32
		{A2189A70-09E1-45A4-A60A-56499F21914F}.Debug|x86.Build.0 = Debug|Win32
		{A2189A70-09E1-45A4-A60A-56499F21914F}.Release|x64.ActiveCfg = Release|x64
		{A2189A70-09E1-45A4-A60A-56499F21914F}.Release|x64.Build.0 = Release|x64
		{A2189A70-09E1-45A4-A60A-56499F21914F}.Release|x86.ActiveCfg = Release|Win32
		{A2189A70-09E1-45A4-A60A-56499F21914F}.Release|x86.Build.0 = Release|Win32
		{5A6EC035-3C8B-40C3-AF06-F01EE6102B0B}.Debug|x64.ActiveCfg = Debug|x64
		{5A6EC035-3C8B-40C3-AF06-F01EE6102B0B}.Debug|x64.Build.0 = Debug|x64
		{5A6EC035-3C8B-40C3-AF06-F01EE6102B0B}.Debug|x86.ActiveCfg = Debug|Win32
		{5A6EC035-3C8B-40C3-AF06-F01EE6102B0B}.Debug|x86.Build.0 = Debug|Win32
		{5A6EC035-3C8B-40C3-AF06-F01EE6102B0B}.Release|x64.ActiveCfg = Release|x64
		{5A6EC035-3C8B-40C3-AF06-F01EE6102B0B}.Release|x64.Build.0 = Release|x64
		{5A6EC035-3C8B-40C3-AF06-F01EE6102B0B}.Release|x86.ActiveCfg = Release|Win32
		{5A6EC035-3C8B-40C3-AF06-F01EE6102B0B}.Release|x86.Build.0 = Release|Win32
		{A6E91E5B-24CB-4D50-84F7-CE05AF3E479D}.Debug|x64.ActiveCfg = Debug|x64
		{A6E91E5B-24CB-4D50-84F7-CE05AF3E479D}.Debug|x64.Build.0 = Debug|x64
		{A6E91E5B-24CB-4D50-84F7-CE05AF3E479D}.Debug|x86.ActiveCfg = Debug|Win32
		{A6E91E5B-24CB-4D50-84F7-CE05AF3E479D}.Debug|x86.Build.0 = Debug|Win32
		{A6E91E5B-24CB-4D50-84F7-CE05AF3E479D}.Release|x64.ActiveCfg = Release|x64
		{A6E91E5B-24CB-4D50-84F7-CE05AF3E479D}.Release|x64.Build.0 = Release|x64
		{A6E91E5B-24CB-4D50-84F7-CE05AF3E479D}.Release|x86.ActiveCfg = Release|Win32
		{A6E91E5B-24CB-4D50-84F7-CE05AF3E479D}.Release|x86.Build.0 = Release|Win32
		{F83500BA-AA8D-412E-B048-1E33AFC83960}.Debug|x64.ActiveCfg = Debug|x64
		{F83500BA-AA8D-412E-B048-1E33AFC83960}.Debug|x64.Build.0 = Debug|x64
		{F83500BA-AA8D-412E-B048-1E33AFC83960}.Debug|x86.ActiveCfg = Debug|Win32
		{F83500BA-AA8D-412E-B048-1E33AFC83960}.Debug|x86.Build.0 = Debug|Win32
		{F83500BA-AA8D-412E-B048-1E33AFC83960}.Release|x64.ActiveCfg = Release|x64
		{F83500BA-AA8D-412E-B048-1E33AFC83960}.Release|x64.Build.0 = Release|x64
		{F83500BA-AA8D-412E-B048-1E33AFC83960}.Release|x86.ActiveCfg = Release|Win32
		{F83500BA-AA8D-412E-B048-1E33AFC83960}.Release|x86.Build.0 = Release|Win32
		{295F7ADC-0DA7-4EFF-82EC-653DFE6FF03E}.Debug|x64.ActiveCfg = Debug|x64
		{295F7ADC-0DA7-4EFF-82EC-653DFE6FF03E}.Debug|x64.Build.0 = Debug|x64
		{295F7ADC-0DA7-4EFF-82EC-653DFE6FF03E}.Debug|x86.ActiveCfg = Debug|Win32
		{295F7ADC-0DA7-4EFF-82EC-653DFE6FF03E}.Debug|x86.Build.0 = Debug|Win32
		{295F7ADC-0DA7-4EFF-82EC-653DFE6FF03E}.Release|x64.ActiveCfg = Release|x64
		{295F7ADC-0DA7-4EFF-82EC-653DFE6FF03E}.Release|x64.Build.0 = Release|x64
		{295F7ADC-0DA7-4EFF-82EC-653DFE6FF03E}.Release|x86.ActiveCfg = Release|Win32
		{295F7ADC-0DA7-4EFF-82EC-653DFE6FF03E}.Release|x86.Build.0 = Release|Win32
	EndGlobalSection
	GlobalSection(SolutionProperties) = preSolution
		HideSolutionNode = FALSE
	EndGlobalSection
EndGlobal
